version: 2.0
shards:
  docker:
    git: https://github.com/PercussiveElbow/docker-crystal.git
    version: 0.0.2+git.commit.4fa2f79986483aa8dfa7cb8c8b06014f6a20b381

  net_sample:
    git: https://github.com/PercussiveElbow/net_sample.cr.git
    version: 0.2.5+git.commit.d1af25fa25bd55426f30cd5247f473cdfff1cfad

